
Microsoft Visual Studio Solution File, Format Version 12.00
# Visual Studio Version 17
VisualStudioVersion = 17.5.002.0
MinimumVisualStudioVersion = 10.0.40219.1
Project("{9A19103F-16F7-4668-BE54-9A1E7A4F7556}") = "Try-Catch Challenge 2", "Try-Catch Challenge 2.csproj", "{4DFA5420-1EB8-4D58-B6A2-22A2C11A9E1B}"
EndProject
Global
	GlobalSection(SolutionConfigurationPlatforms) = preSolution
		Debug|Any CPU = Debug|Any CPU
		Release|Any CPU = Release|Any CPU
	EndGlobalSection
	GlobalSection(ProjectConfigurationPlatforms) = postSolution
		{4DFA5420-1EB8-4D58-B6A2-22A2C11A9E1B}.Debug|Any CPU.ActiveCfg = Debug|Any CPU
		{4DFA5420-1EB8-4D58-B6A2-22A2C11A9E1B}.Debug|Any CPU.Build.0 = Debug|Any CPU
		{4DFA5420-1EB8-4D58-B6A2-22A2C11A9E1B}.Release|Any CPU.ActiveCfg = Release|Any CPU
		{4DFA5420-1EB8-4D58-B6A2-22A2C11A9E1B}.Release|Any CPU.Build.0 = Release|Any CPU
	EndGlobalSection
	GlobalSection(SolutionProperties) = preSolution
		HideSolutionNode = FALSE
	EndGlobalSection
	GlobalSection(ExtensibilityGlobals) = postSolution
		SolutionGuid = {12ADE87D-D7E7-4A2D-A981-4CBB4EF91510}
	EndGlobalSection
EndGlobal
